lockfileVersion: '6.0'

settings:
  autoInstallPeers: true
  excludeLinksFromLockfile: false

dependencies:
  tone:
    specifier: 14.7.77
    version: 14.7.77

packages:

  /@babel/runtime@7.23.1:
    resolution: {integrity: sha512-hC2v6p8ZSI/W0HUzh3V8C5g+NwSKzKPtJwSpTjwl0o297GP9+ZLQSkdvHz46CM3LqyoXxq+5G9komY+eSqSO0g==}
    engines: {node: '>=6.9.0'}
    dependencies:
      regenerator-runtime: 0.14.0
    dev: false

  /automation-events@6.0.10:
    resolution: {integrity: sha512-nP2k70tZ4+GrDUeW+77c/ZOJD3KMXZlW5A07YHNw6+RcggdHwXPIdhYT3Nhzufbfon4UHY8CvYuQllD3Em2rtQ==}
    engines: {node: '>=16.1.0'}
    dependencies:
      '@babel/runtime': 7.23.1
      tslib: 2.6.2
    dev: false

  /regenerator-runtime@0.14.0:
    resolution: {integrity: sha512-srw17NI0TUWHuGa5CFGGmhfNIeja30WMBfbslPNhf6JrqQlLN5gcrvig1oqPxiVaXb0oW0XRKtH6Nngs5lKCIA==}
    dev: false

  /standardized-audio-context@25.3.57:
    resolution: {integrity: sha512-MHmZjXXc3zRRuh4Ro8Iah334n+A8Y9EeLeECzElBzpNQYLCwmmKRXPB88WazwkGhux85fU8+gkAbyELJ0ehiCg==}
    dependencies:
      '@babel/runtime': 7.23.1
      automation-events: 6.0.10
      tslib: 2.6.2
    dev: false

  /tone@14.7.77:
    resolution: {integrity: sha512-tCfK73IkLHyzoKUvGq47gyDyxiKLFvKiVCOobynGgBB9Dl0NkxTM2p+eRJXyCYrjJwy9Y0XCMqD3uOYsYt2Fdg==}
    dependencies:
      standardized-audio-context: 25.3.57
      tslib: 2.6.2
    dev: false

  /tslib@2.6.2:
    resolution: {integrity: sha512-AEYxH93jGFPn/a2iVAwW87VuUIkR1FVUKB77NwMF7nBTDkDrrT/Hpt/IrCJ0QXhW27jTBDcf5ZY7w6RiqTMw2Q==}
    dev: false
